
Microsoft Visual Studio Solution File, Format Version 12.00
# Visual Studio Version 17
VisualStudioVersion = 17.10.35013.160
MinimumVisualStudioVersion = 10.0.40219.1
Project("{FAE04EC0-301F-11D3-BF4B-00C04F79EFBC}") = "EmailSenderLib", "EmailSenderLib.csproj", "{639486A8-871B-416D-8268-CFF6BBB7670A}"
EndProject
Project("{FAE04EC0-301F-11D3-BF4B-00C04F79EFBC}") = "EmailSenderConsole", "..\EmailSenderConsole\EmailSenderConsole.csproj", "{A4280501-DFD0-40AA-A64A-849B04112568}"
EndProject
Project("{FAE04EC0-301F-11D3-BF4B-00C04F79EFBC}") = "EmailSenderAPI", "..\EmailSenderAPI\EmailSenderAPI.csproj", "{9E38678A-E29E-4532-BD7B-D9A6303C9D15}"
EndProject
Global
	GlobalSection(SolutionConfigurationPlatforms) = preSolution
		Debug|Any CPU = Debug|Any CPU
		Release|Any CPU = Release|Any CPU
	EndGlobalSection
	GlobalSection(ProjectConfigurationPlatforms) = postSolution
		{639486A8-871B-416D-8268-CFF6BBB7670A}.Debug|Any CPU.ActiveCfg = Debug|Any CPU
		{639486A8-871B-416D-8268-CFF6BBB7670A}.Debug|Any CPU.Build.0 = Debug|Any CPU
		{639486A8-871B-416D-8268-CFF6BBB7670A}.Release|Any CPU.ActiveCfg = Release|Any CPU
		{639486A8-871B-416D-8268-CFF6BBB7670A}.Release|Any CPU.Build.0 = Release|Any CPU
		{A4280501-DFD0-40AA-A64A-849B04112568}.Debug|Any CPU.ActiveCfg = Debug|Any CPU
		{A4280501-DFD0-40AA-A64A-849B04112568}.Debug|Any CPU.Build.0 = Debug|Any CPU
		{A4280501-DFD0-40AA-A64A-849B04112568}.Release|Any CPU.ActiveCfg = Release|Any CPU
		{A4280501-DFD0-40AA-A64A-849B04112568}.Release|Any CPU.Build.0 = Release|Any CPU
		{9E38678A-E29E-4532-BD7B-D9A6303C9D15}.Debug|Any CPU.ActiveCfg = Debug|Any CPU
		{9E38678A-E29E-4532-BD7B-D9A6303C9D15}.Debug|Any CPU.Build.0 = Debug|Any CPU
		{9E38678A-E29E-4532-BD7B-D9A6303C9D15}.Release|Any CPU.ActiveCfg = Release|Any CPU
		{9E38678A-E29E-4532-BD7B-D9A6303C9D15}.Release|Any CPU.Build.0 = Release|Any CPU
	EndGlobalSection
	GlobalSection(SolutionProperties) = preSolution
		HideSolutionNode = FALSE
	EndGlobalSection
	GlobalSection(ExtensibilityGlobals) = postSolution
		SolutionGuid = {91A4671A-D418-42D6-AA5B-F01111ED41ED}
	EndGlobalSection
EndGlobal
